
Microsoft Visual Studio Solution File, Format Version 12.00
# Visual Studio 14
VisualStudioVersion = 14.0.25123.0
MinimumVisualStudioVersion = 10.0.40219.1
Project("{FAE04EC0-301F-11D3-BF4B-00C04F79EFBC}") = "Farmacia", "LogIn design\Farmacia.csproj", "{69B18328-3C46-438B-A69B-213E7D5E6583}"
EndProject
Project("{FAE04EC0-301F-11D3-BF4B-00C04F79EFBC}") = "Entidades", "Entidades\Entidades.csproj", "{A631EE4E-66E9-4E2E-83D9-D152307C891E}"
EndProject
Project("{FAE04EC0-301F-11D3-BF4B-00C04F79EFBC}") = "DAL", "DAL\DAL.csproj", "{0E8C99A9-5E88-4156-96BE-2E1EEC11CC95}"
EndProject
Project("{FAE04EC0-301F-11D3-BF4B-00C04F79EFBC}") = "BLL", "BLL\BLL.csproj", "{B9E51203-3E6B-4BB1-8E4F-9DF6775037CC}"
EndProject
Global
	GlobalSection(SolutionConfigurationPlatforms) = preSolution
		Debug|Any CPU = Debug|Any CPU
		Release|Any CPU = Release|Any CPU
	EndGlobalSection
	GlobalSection(ProjectConfigurationPlatforms) = postSolution
		{69B18328-3C46-438B-A69B-213E7D5E6583}.Debug|Any CPU.ActiveCfg = Debug|Any CPU
		{69B18328-3C46-438B-A69B-213E7D5E6583}.Debug|Any CPU.Build.0 = Debug|Any CPU
		{69B18328-3C46-438B-A69B-213E7D5E6583}.Release|Any CPU.ActiveCfg = Release|Any CPU
		{69B18328-3C46-438B-A69B-213E7D5E6583}.Release|Any CPU.Build.0 = Release|Any CPU
		{A631EE4E-66E9-4E2E-83D9-D152307C891E}.Debug|Any CPU.ActiveCfg = Debug|Any CPU
		{A631EE4E-66E9-4E2E-83D9-D152307C891E}.Debug|Any CPU.Build.0 = Debug|Any CPU
		{A631EE4E-66E9-4E2E-83D9-D152307C891E}.Release|Any CPU.ActiveCfg = Release|Any CPU
		{A631EE4E-66E9-4E2E-83D9-D152307C891E}.Release|Any CPU.Build.0 = Release|Any CPU
		{0E8C99A9-5E88-4156-96BE-2E1EEC11CC95}.Debug|Any CPU.ActiveCfg = Debug|Any CPU
		{0E8C99A9-5E88-4156-96BE-2E1EEC11CC95}.Debug|Any CPU.Build.0 = Debug|Any CPU
		{0E8C99A9-5E88-4156-96BE-2E1EEC11CC95}.Release|Any CPU.ActiveCfg = Release|Any CPU
		{0E8C99A9-5E88-4156-96BE-2E1EEC11CC95}.Release|Any CPU.Build.0 = Release|Any CPU
		{B9E51203-3E6B-4BB1-8E4F-9DF6775037CC}.Debug|Any CPU.ActiveCfg = Debug|Any CPU
		{B9E51203-3E6B-4BB1-8E4F-9DF6775037CC}.Debug|Any CPU.Build.0 = Debug|Any CPU
		{B9E51203-3E6B-4BB1-8E4F-9DF6775037CC}.Release|Any CPU.ActiveCfg = Release|Any CPU
		{B9E51203-3E6B-4BB1-8E4F-9DF6775037CC}.Release|Any CPU.Build.0 = Release|Any CPU
	EndGlobalSection
	GlobalSection(SolutionProperties) = preSolution
		HideSolutionNode = FALSE
	EndGlobalSection
EndGlobal
